
Microsoft Visual Studio Solution File, Format Version 12.00
# Visual Studio Version 17
VisualStudioVersion = 17.2.32616.157
MinimumVisualStudioVersion = 10.0.40219.1
Project("{FAE04EC0-301F-11D3-BF4B-00C04F79EFBC}") = "CodeerFriendlyExample", "CodeerFriendlyExample\CodeerFriendlyExample.csproj", "{83835399-AAB3-45E1-B1EE-8D703BE93592}"
EndProject
Global
	GlobalSection(SolutionConfigurationPlatforms) = preSolution
		Debug|Any CPU = Debug|Any CPU
		Release|Any CPU = Release|Any CPU
	EndGlobalSection
	GlobalSection(ProjectConfigurationPlatforms) = postSolution
		{83835399-AAB3-45E1-B1EE-8D703BE93592}.Debug|Any CPU.ActiveCfg = Debug|Any CPU
		{83835399-AAB3-45E1-B1EE-8D703BE93592}.Debug|Any CPU.Build.0 = Debug|Any CPU
		{83835399-AAB3-45E1-B1EE-8D703BE93592}.Release|Any CPU.ActiveCfg = Release|Any CPU
		{83835399-AAB3-45E1-B1EE-8D703BE93592}.Release|Any CPU.Build.0 = Release|Any CPU
	EndGlobalSection
	GlobalSection(SolutionProperties) = preSolution
		HideSolutionNode = FALSE
	EndGlobalSection
	GlobalSection(ExtensibilityGlobals) = postSolution
		SolutionGuid = {3CA2872A-E5F2-4C5D-A1B5-76666567A3D1}
	EndGlobalSection
EndGlobal
